
Microsoft Visual Studio Solution File, Format Version 12.00
# Visual Studio 15
VisualStudioVersion = 15.0.26228.4
MinimumVisualStudioVersion = 10.0.40219.1
Project("{FAE04EC0-301F-11D3-BF4B-00C04F79EFBC}") = "Freyja", "Freyja.csproj", "{63F44CC0-DBFD-4D90-AE8A-76168A058496}"
EndProject
Project("{FAE04EC0-301F-11D3-BF4B-00C04F79EFBC}") = "FreyjaLib", "FreyjaLib\FreyjaLib.csproj", "{419DD84A-01D4-4534-8664-8AA13958FFFF}"
EndProject
Global
	GlobalSection(SolutionConfigurationPlatforms) = preSolution
		Debug|Any CPU = Debug|Any CPU
		Release|Any CPU = Release|Any CPU
	EndGlobalSection
	GlobalSection(ProjectConfigurationPlatforms) = postSolution
		{63F44CC0-DBFD-4D90-AE8A-76168A058496}.Debug|Any CPU.ActiveCfg = Debug|Any CPU
		{63F44CC0-DBFD-4D90-AE8A-76168A058496}.Debug|Any CPU.Build.0 = Debug|Any CPU
		{63F44CC0-DBFD-4D90-AE8A-76168A058496}.Release|Any CPU.ActiveCfg = Release|Any CPU
		{63F44CC0-DBFD-4D90-AE8A-76168A058496}.Release|Any CPU.Build.0 = Release|Any CPU
		{419DD84A-01D4-4534-8664-8AA13958FFFF}.Debug|Any CPU.ActiveCfg = Debug|Any CPU
		{419DD84A-01D4-4534-8664-8AA13958FFFF}.Debug|Any CPU.Build.0 = Debug|Any CPU
		{419DD84A-01D4-4534-8664-8AA13958FFFF}.Release|Any CPU.ActiveCfg = Release|Any CPU
		{419DD84A-01D4-4534-8664-8AA13958FFFF}.Release|Any CPU.Build.0 = Release|Any CPU
	EndGlobalSection
	GlobalSection(SolutionProperties) = preSolution
		HideSolutionNode = FALSE
	EndGlobalSection
EndGlobal
